
Microsoft Visual Studio Solution File, Format Version 12.00
# Visual Studio Version 17
VisualStudioVersion = 17.4.33213.308
MinimumVisualStudioVersion = 10.0.40219.1
Project("{9A19103F-16F7-4668-BE54-9A1E7A4F7556}") = "FractionLibrary", "FractionLibrary\FractionLibrary.csproj", "{2CC1C67E-569D-4323-BA7D-32F18B554C9C}"
EndProject
Project("{9A19103F-16F7-4668-BE54-9A1E7A4F7556}") = "TestFractionLibrary", "TestFractionLibrary\TestFractionLibrary.csproj", "{73D0A54F-77F0-439B-A440-1C11CDACB380}"
EndProject
Project("{9A19103F-16F7-4668-BE54-9A1E7A4F7556}") = "WPFFractionCalculator", "WPFFractionCalculator\WPFFractionCalculator.csproj", "{A049555F-6ACA-4DBA-A081-BF6137855F8E}"
EndProject
Project("{FAE04EC0-301F-11D3-BF4B-00C04F79EFBC}") = "FractionDemonstrationApp", "FractionDemonstrationApp\FractionDemonstrationApp.csproj", "{AAB60344-E042-472C-891F-7B61B2E79013}"
EndProject
Global
	GlobalSection(SolutionConfigurationPlatforms) = preSolution
		Debug|Any CPU = Debug|Any CPU
		Release|Any CPU = Release|Any CPU
	EndGlobalSection
	GlobalSection(ProjectConfigurationPlatforms) = postSolution
		{2CC1C67E-569D-4323-BA7D-32F18B554C9C}.Debug|Any CPU.ActiveCfg = Debug|Any CPU
		{2CC1C67E-569D-4323-BA7D-32F18B554C9C}.Debug|Any CPU.Build.0 = Debug|Any CPU
		{2CC1C67E-569D-4323-BA7D-32F18B554C9C}.Release|Any CPU.ActiveCfg = Release|Any CPU
		{2CC1C67E-569D-4323-BA7D-32F18B554C9C}.Release|Any CPU.Build.0 = Release|Any CPU
		{73D0A54F-77F0-439B-A440-1C11CDACB380}.Debug|Any CPU.ActiveCfg = Debug|Any CPU
		{73D0A54F-77F0-439B-A440-1C11CDACB380}.Debug|Any CPU.Build.0 = Debug|Any CPU
		{73D0A54F-77F0-439B-A440-1C11CDACB380}.Release|Any CPU.ActiveCfg = Release|Any CPU
		{73D0A54F-77F0-439B-A440-1C11CDACB380}.Release|Any CPU.Build.0 = Release|Any CPU
		{A049555F-6ACA-4DBA-A081-BF6137855F8E}.Debug|Any CPU.ActiveCfg = Debug|Any CPU
		{A049555F-6ACA-4DBA-A081-BF6137855F8E}.Debug|Any CPU.Build.0 = Debug|Any CPU
		{A049555F-6ACA-4DBA-A081-BF6137855F8E}.Release|Any CPU.ActiveCfg = Release|Any CPU
		{A049555F-6ACA-4DBA-A081-BF6137855F8E}.Release|Any CPU.Build.0 = Release|Any CPU
		{AAB60344-E042-472C-891F-7B61B2E79013}.Debug|Any CPU.ActiveCfg = Debug|Any CPU
		{AAB60344-E042-472C-891F-7B61B2E79013}.Debug|Any CPU.Build.0 = Debug|Any CPU
		{AAB60344-E042-472C-891F-7B61B2E79013}.Release|Any CPU.ActiveCfg = Release|Any CPU
		{AAB60344-E042-472C-891F-7B61B2E79013}.Release|Any CPU.Build.0 = Release|Any CPU
	EndGlobalSection
	GlobalSection(SolutionProperties) = preSolution
		HideSolutionNode = FALSE
	EndGlobalSection
	GlobalSection(ExtensibilityGlobals) = postSolution
		SolutionGuid = {7CC6F200-F121-4D54-94BA-7F3DA42E6D77}
	EndGlobalSection
EndGlobal
